{
  "name": "nodeunit",
  "version": "0.9.1",
  "lockfileVersion": 1,
  "requires": true,
  "dependencies": {
    "bunker": {
      "version": "0.1.2",
      "resolved": "https://registry.npmjs.org/bunker/-/bunker-0.1.2.tgz",
      "integrity": "sha512-YnahkcXBNT522S46k5LUA9P18lzvgkunbMl0qIJQ8oeRMQ+dAg3YI3k32q5TnO+AAUErFHO6R768To6jslgYmQ==",
      "requires": {
        "burrito": ">=0.2.5 <0.3"
      }
    },
    "burrito": {
      "version": "0.2.12",
      "resolved": "https://registry.npmjs.org/burrito/-/burrito-0.2.12.tgz",
      "integrity": "sha512-ZhhT5iVTAgzQ+s8rily7m45Swxe/cU3dVCHTzqmHVWD/cc0Ds3W4Q4MExbkevY+fm0Me3lEwpehIy6TH7p+ehw==",
      "requires": {
        "traverse": "~0.5.1",
        "uglify-js": "~1.1.1"
      },
      "dependencies": {
        "traverse": {
          "version": "0.5.2",
          "resolved": "https://registry.npmjs.org/traverse/-/traverse-0.5.2.tgz",
          "integrity": "sha512-PUBVcfB3RqgLpzgTRGNiqK4duqrDbgGa1bobbUtzUwLiBNAjZ7vd5eCOdBxqZ/Fgezagr9o69IxP2fZp41RGFA=="
        },
        "uglify-js": {
          "version": "1.1.1",
          "resolved": "https://registry.npmjs.org/uglify-js/-/uglify-js-1.1.1.tgz",
          "integrity": "sha512-YYY9Dle1leC+btgrHnAR05eq0aRdcPJsXlYYD+SYw2lqc5HFuFNHg3wWEW4SNE0iXXEUl0fz43gTQ3r1YK76rg=="
        }
      }
    },
    "charm": {
      "version": "0.1.2",
      "resolved": "https://registry.npmjs.org/charm/-/charm-0.1.2.tgz",
      "integrity": "sha512-syedaZ9cPe7r3hoQA9twWYKu5AIyCswN5+szkmPBe9ccdLrj4bYaCnLVPTLd2kgVRc7+zoX4tyPgRnFKCj5YjQ=="
    },
    "deep-is": {
      "version": "0.1.4",
      "resolved": "https://registry.npmjs.org/deep-is/-/deep-is-0.1.4.tgz",
      "integrity": "sha512-oIPzksmTg4/MriiaYGO+okXDT7ztn/w3Eptv/+gSIdMdKsJo0u4CfYNFJPy+4SKMuCqGw2wxnA+URMg3t8a/bQ=="
    },
    "difflet": {
      "version": "0.2.6",
      "resolved": "https://registry.npmjs.org/difflet/-/difflet-0.2.6.tgz",
      "integrity": "sha512-ruldDDRmY1t678UOAJBng6sL77f62SqjHj0498YC0EJhxIe2yKkqJn2qEchwG3eU/dqJ/RxPZkAnYjePS4pDCw==",
      "requires": {
        "charm": "0.1.x",
        "deep-is": "0.1.x",
        "traverse": "0.6.x"
      }
    },
    "runforcover": {
      "version": "0.0.2",
      "resolved": "https://registry.npmjs.org/runforcover/-/runforcover-0.0.2.tgz",
      "integrity": "sha512-yarCIK2HcAOadqnKW419+FA38qpWDCKcOr5RZU+jnyLL/hn3No9BHZY+YJDEzvQ0k8Oyl7ffLjZv9ZUxvyKoLQ==",
      "requires": {
        "bunker": "0.1.X"
      }
    },
    "should": {
      "version": "0.5.1",
      "dev": true
    },
    "tap": {
      "version": "0.7.1",
      "resolved": "https://registry.npmjs.org/tap/-/tap-0.7.1.tgz",
      "integrity": "sha1-vq1RNs6rgkHhsozsZjgRxjsfPn0=",
      "requires": {
        "buffer-equal": "~0.0.0",
        "deep-equal": "^1.0.0",
        "difflet": "~0.2.0",
        "glob": "^4.3.5",
        "inherits": "*",
        "mkdirp": "^0.5.0",
        "nopt": "^3.0.1",
        "runforcover": "~0.0.2",
        "slide": "*",
        "yamlish": "*"
      },
      "dependencies": {
        "buffer-equal": {
          "version": "0.0.1",
          "resolved": "https://registry.npmjs.org/buffer-equal/-/buffer-equal-0.0.1.tgz",
          "integrity": "sha1-kbx0sR6kBbyRa8aqkI+q+ltKrEs="
        },
        "bunker": {},
        "burrito": {
          "dependencies": {
            "traverse": {},
            "uglify-js": {}
          }
        },
        "charm": {},
        "deep-equal": {
          "version": "1.0.0",
          "resolved": "https://registry.npmjs.org/deep-equal/-/deep-equal-1.0.0.tgz",
          "integrity": "sha1-1FZPB9Lwqz5GEQvsFlkqvX3C4yY="
        },
        "deep-is": {},
        "glob": {
          "version": "4.4.1",
          "resolved": "https://registry.npmjs.org/glob/-/glob-4.4.1.tgz",
          "integrity": "sha1-g5WxbQH0pY8L8/Y1kXSZe3jXQZc=",
          "requires": {
            "inflight": "^1.0.4",
            "inherits": "2",
            "minimatch": "^2.0.1",
            "once": "^1.3.0"
          },
          "dependencies": {
            "inflight": {
              "version": "1.0.4",
              "resolved": "https://registry.npmjs.org/inflight/-/inflight-1.0.4.tgz",
              "integrity": "sha1-bLtFIevVHODsCpNr/XZX736bFyo=",
              "requires": {
                "once": "^1.3.0",
                "wrappy": "1"
              },
              "dependencies": {
                "wrappy": {
                  "version": "1.0.1",
                  "resolved": "https://registry.npmjs.org/wrappy/-/wrappy-1.0.1.tgz",
                  "integrity": "sha1-HmWWmWXMvC20VIxrhKbyxa7dRzk="
                }
              }
            },
            "minimatch": {
              "version": "2.0.1",
              "resolved": "https://registry.npmjs.org/minimatch/-/minimatch-2.0.1.tgz",
              "integrity": "sha1-bDdgtF9m7RzVgDFD7o03JIjwLDc=",
              "requires": {
                "brace-expansion": "^1.0.0"
              },
              "dependencies": {
                "brace-expansion": {
                  "version": "1.1.0",
                  "resolved": "https://registry.npmjs.org/brace-expansion/-/brace-expansion-1.1.0.tgz",
                  "integrity": "sha1-ybfQPAPze8cEvhAOUitA249s/Nk=",
                  "requires": {
                    "balanced-match": "^0.2.0",
                    "concat-map": "0.0.1"
                  },
                  "dependencies": {
                    "balanced-match": {
                      "version": "0.2.0",
                      "resolved": "https://registry.npmjs.org/balanced-match/-/balanced-match-0.2.0.tgz",
                      "integrity": "sha1-OPZzDAOqttXtu1K9k0iF51bXFnQ="
                    },
                    "concat-map": {
                      "version": "0.0.1",
                      "resolved": "https://registry.npmjs.org/concat-map/-/concat-map-0.0.1.tgz",
                      "integrity": "sha1-2Klr13/Wjfd5OnMDajug1UBdR3s="
                    }
                  }
                }
              }
            },
            "once": {
              "version": "1.3.1",
              "resolved": "https://registry.npmjs.org/once/-/once-1.3.1.tgz",
              "integrity": "sha1-8/Pk2lt9J7XHMpae4+Z+cpRXsx8=",
              "requires": {
                "wrappy": "1"
              },
              "dependencies": {
                "wrappy": {
                  "version": "1.0.1",
                  "resolved": "https://registry.npmjs.org/wrappy/-/wrappy-1.0.1.tgz",
                  "integrity": "sha1-HmWWmWXMvC20VIxrhKbyxa7dRzk="
                }
              }
            }
          }
        },
        "inherits": {
          "version": "2.0.1",
          "resolved": "https://registry.npmjs.org/inherits/-/inherits-2.0.1.tgz",
          "integrity": "sha1-sX0I0ya0Qj5Wjv9xn5GwscvfafE="
        },
        "mkdirp": {
          "version": "0.5.0",
          "resolved": "https://registry.npmjs.org/mkdirp/-/mkdirp-0.5.0.tgz",
          "integrity": "sha1-HXMHam35hs2TROFecfzAWkyavxI=",
          "requires": {
            "minimist": "0.0.8"
          },
          "dependencies": {
            "minimist": {
              "version": "0.0.8",
              "resolved": "https://registry.npmjs.org/minimist/-/minimist-0.0.8.tgz",
              "integrity": "sha1-hX/Kv8M5fSYluCKCYuhqp6ARsF0="
            }
          }
        },
        "nopt": {
          "version": "3.0.1",
          "resolved": "https://registry.npmjs.org/nopt/-/nopt-3.0.1.tgz",
          "integrity": "sha1-vOXEJEajKR9HYio3CrvxWPu6y/0=",
          "requires": {
            "abbrev": "1"
          },
          "dependencies": {
            "abbrev": {
              "version": "1.0.5",
              "resolved": "https://registry.npmjs.org/abbrev/-/abbrev-1.0.5.tgz",
              "integrity": "sha1-XYJXvZ6+Q15piy+kMa/eT+exCwM="
            }
          }
        },
        "slide": {
          "version": "1.1.6",
          "resolved": "https://registry.npmjs.org/slide/-/slide-1.1.6.tgz",
          "integrity": "sha1-VusCfWW00tzmyy4tMsTUr8nh1wc="
        },
        "traverse": {},
        "yamlish": {
          "version": "0.0.6",
          "resolved": "https://registry.npmjs.org/yamlish/-/yamlish-0.0.6.tgz",
          "integrity": "sha1-xd+PdmFzE1HjnrUiI/g6RmWUUuM="
        }
      }
    },
    "traverse": {
      "version": "0.6.7",
      "resolved": "https://registry.npmjs.org/traverse/-/traverse-0.6.7.tgz",
      "integrity": "sha512-/y956gpUo9ZNCb99YjxG7OaslxZWHfCHAUUfshwqOXmxUIvqLjVO581BT+gM59+QV9tFe6/CGG53tsA1Y7RSdg=="
    },
    "uglify-js": {
      "version": "3.17.3",
      "resolved": "https://registry.npmjs.org/uglify-js/-/uglify-js-3.17.3.tgz",
      "integrity": "sha512-JmMFDME3iufZnBpyKL+uS78LRiC+mK55zWfM5f/pWBJfpOttXAqYfdDGRukYhJuyRinvPVAtUhvy7rlDybNtFg==",
      "dev": true
    }
  }
}
